
Microsoft Visual Studio Solution File, Format Version 12.00
# Visual Studio Version 17
VisualStudioVersion = 17.5.001.0
MinimumVisualStudioVersion = 10.0.40219.1
Project("{9A19103F-16F7-4668-BE54-9A1E7A4F7556}") = "ScreenSound", "ScreenSound.csproj", "{E39EDEBD-7FA5-4EC5-8929-D50D45F35F15}"
EndProject
Global
	GlobalSection(SolutionConfigurationPlatforms) = preSolution
		Debug|Any CPU = Debug|Any CPU
		Release|Any CPU = Release|Any CPU
	EndGlobalSection
	GlobalSection(ProjectConfigurationPlatforms) = postSolution
		{E39EDEBD-7FA5-4EC5-8929-D50D45F35F15}.Debug|Any CPU.ActiveCfg = Debug|Any CPU
		{E39EDEBD-7FA5-4EC5-8929-D50D45F35F15}.Debug|Any CPU.Build.0 = Debug|Any CPU
		{E39EDEBD-7FA5-4EC5-8929-D50D45F35F15}.Release|Any CPU.ActiveCfg = Release|Any CPU
		{E39EDEBD-7FA5-4EC5-8929-D50D45F35F15}.Release|Any CPU.Build.0 = Release|Any CPU
	EndGlobalSection
	GlobalSection(SolutionProperties) = preSolution
		HideSolutionNode = FALSE
	EndGlobalSection
	GlobalSection(ExtensibilityGlobals) = postSolution
		SolutionGuid = {34FD116E-F95B-4B14-835D-3718D14A1B88}
	EndGlobalSection
EndGlobal
